
Microsoft Visual Studio Solution File, Format Version 12.00
# Visual Studio Version 16
VisualStudioVersion = 16.0.31515.178
MinimumVisualStudioVersion = 10.0.40219.1
Project("{FAE04EC0-301F-11D3-BF4B-00C04F79EFBC}") = "Timer Denemeleri", "Timer Denemeleri\Timer Denemeleri.csproj", "{385D15FA-F919-4A2A-82D9-F6BC18E64826}"
EndProject
Global
	GlobalSection(SolutionConfigurationPlatforms) = preSolution
		Debug|Any CPU = Debug|Any CPU
		Release|Any CPU = Release|Any CPU
	EndGlobalSection
	GlobalSection(ProjectConfigurationPlatforms) = postSolution
		{385D15FA-F919-4A2A-82D9-F6BC18E64826}.Debug|Any CPU.ActiveCfg = Debug|Any CPU
		{385D15FA-F919-4A2A-82D9-F6BC18E64826}.Debug|Any CPU.Build.0 = Debug|Any CPU
		{385D15FA-F919-4A2A-82D9-F6BC18E64826}.Release|Any CPU.ActiveCfg = Release|Any CPU
		{385D15FA-F919-4A2A-82D9-F6BC18E64826}.Release|Any CPU.Build.0 = Release|Any CPU
	EndGlobalSection
	GlobalSection(SolutionProperties) = preSolution
		HideSolutionNode = FALSE
	EndGlobalSection
	GlobalSection(ExtensibilityGlobals) = postSolution
		SolutionGuid = {ED565387-66E5-425C-B705-C74534896255}
	EndGlobalSection
EndGlobal
